
Microsoft Visual Studio Solution File, Format Version 12.00
Project("{FAE04EC0-301F-11D3-BF4B-00C04F79EFBC}") = "ms-1", "ms-1\ms-1.csproj", "{F8E5D7EC-8B56-47A5-B255-3B69A806ED8C}"
EndProject
Project("{2150E333-8FDC-42A3-9474-1A3956D46DE8}") = "Solution Items", "Solution Items", "{A87EF9C7-3E94-4F60-8F21-A2E9BBF309A2}"
	ProjectSection(SolutionItems) = preProject
		docker-compose.yml = docker-compose.yml
	EndProjectSection
EndProject
Global
	GlobalSection(SolutionConfigurationPlatforms) = preSolution
		Debug|Any CPU = Debug|Any CPU
		Release|Any CPU = Release|Any CPU
	EndGlobalSection
	GlobalSection(ProjectConfigurationPlatforms) = postSolution
		{F8E5D7EC-8B56-47A5-B255-3B69A806ED8C}.Debug|Any CPU.ActiveCfg = Debug|Any CPU
		{F8E5D7EC-8B56-47A5-B255-3B69A806ED8C}.Debug|Any CPU.Build.0 = Debug|Any CPU
		{F8E5D7EC-8B56-47A5-B255-3B69A806ED8C}.Release|Any CPU.ActiveCfg = Release|Any CPU
		{F8E5D7EC-8B56-47A5-B255-3B69A806ED8C}.Release|Any CPU.Build.0 = Release|Any CPU
	EndGlobalSection
EndGlobal
